
Microsoft Visual Studio Solution File, Format Version 12.00
# Visual Studio 14
VisualStudioVersion = 14.0.25420.1
MinimumVisualStudioVersion = 10.0.40219.1
Project("{8BC9CEB8-8B4A-11D0-8D11-00A0C91BC942}") = "Lab_1.0", "Lab_1\Lab_1.vcxproj", "{8C97323C-259B-41D6-9073-7181C9A6A644}"
EndProject
Project("{8BC9CEB8-8B4A-11D0-8D11-00A0C91BC942}") = "Lab-1.1", "Lab-2.41\Lab-2.41.vcxproj", "{48CD3BDB-4D0A-41F0-AA51-D347E404D81E}"
EndProject
Project("{8BC9CEB8-8B4A-11D0-8D11-00A0C91BC942}") = "lab-1.2", "lab-3\lab-3.vcxproj", "{A91ED0CA-4243-41EE-A4E4-A90B7575F2CA}"
EndProject
Project("{8BC9CEB8-8B4A-11D0-8D11-00A0C91BC942}") = "SFML", "SFML\SFML.vcxproj", "{880C140B-F5FA-4391-9366-B92C1EC33EA8}"
EndProject
Project("{8BC9CEB8-8B4A-11D0-8D11-00A0C91BC942}") = "lab-2.0", "lab-2.0\lab-2.0.vcxproj", "{57A887F1-13FC-4683-ACFE-418E95DD809B}"
EndProject
Project("{8BC9CEB8-8B4A-11D0-8D11-00A0C91BC942}") = "lab_3", "lab_3\lab_3.vcxproj", "{3C54AB89-29C8-4261-83FE-0F8B1EAC393C}"
EndProject
Project("{8BC9CEB8-8B4A-11D0-8D11-00A0C91BC942}") = "lab-3.1", "lab-3.1\lab-3.1.vcxproj", "{430D9328-02A0-4688-8CAC-522564DA661E}"
EndProject
Project("{8BC9CEB8-8B4A-11D0-8D11-00A0C91BC942}") = "lab_3.2", "lab_3.2\lab_3.2.vcxproj", "{9F06F116-A98B-4DA7-9B2F-6D552B7489F0}"
EndProject
Project("{8BC9CEB8-8B4A-11D0-8D11-00A0C91BC942}") = "lab-4.1", "lab-4.1\lab-4.1.vcxproj", "{6D4F4E90-435B-4040-A2DB-34B3CB00DB4A}"
EndProject
Project("{8BC9CEB8-8B4A-11D0-8D11-00A0C91BC942}") = "lab-4.2", "lab-4.2\lab-4.2.vcxproj", "{8635308F-ED11-4542-A090-6E992C5A1493}"
EndProject
Project("{8BC9CEB8-8B4A-11D0-8D11-00A0C91BC942}") = "lab_5.1", "lab_5.1\lab_5.1.vcxproj", "{572EAF82-B7CC-4C01-887F-1B9E4EE4AF66}"
EndProject
Project("{8BC9CEB8-8B4A-11D0-8D11-00A0C91BC942}") = "Week_three_lab_1", "Week_three_lab_1\Week_three_lab_1.vcxproj", "{FBEA7929-BAB2-45D3-952F-F9D675D86731}"
EndProject
Project("{8BC9CEB8-8B4A-11D0-8D11-00A0C91BC942}") = "Week_three_lab_2", "Week_three_lab_2\Week_three_lab_2.vcxproj", "{7C9B85C2-32AA-48A5-A361-39F8CEEF37AF}"
EndProject
Project("{8BC9CEB8-8B4A-11D0-8D11-00A0C91BC942}") = "Week_three_lab_3", "Week_three_lab_3\Week_three_lab_3.vcxproj", "{2C96D06D-8EAF-41B5-ADC8-3943650CC29E}"
EndProject
Project("{8BC9CEB8-8B4A-11D0-8D11-00A0C91BC942}") = "Week_three_lab_4", "Week_three_lab_4\Week_three_lab_4.vcxproj", "{15C35E81-E3CD-4420-AFE2-620A40589118}"
EndProject
Project("{8BC9CEB8-8B4A-11D0-8D11-00A0C91BC942}") = "Week_three_lab_5", "Week_three_lab_5\Week_three_lab_5.vcxproj", "{94562E08-3342-4809-BDF6-37EDDBBA1168}"
EndProject
Project("{8BC9CEB8-8B4A-11D0-8D11-00A0C91BC942}") = "Week_three_lab_6", "Week_three_lab_6\Week_three_lab_6.vcxproj", "{1A215090-518D-4857-BD3A-E951C128198E}"
EndProject
Project("{8BC9CEB8-8B4A-11D0-8D11-00A0C91BC942}") = "Week_three_lab_7", "Week_three_lab_7\Week_three_lab_7.vcxproj", "{4C4C5CD7-8E5D-4206-81C9-8A2E33F3A997}"
EndProject
Project("{8BC9CEB8-8B4A-11D0-8D11-00A0C91BC942}") = "Week_three_lab_9", "Week_three_lab_9\Week_three_lab_9.vcxproj", "{9C01D92A-4669-4BE1-A857-75AAF98D1383}"
EndProject
Project("{8BC9CEB8-8B4A-11D0-8D11-00A0C91BC942}") = "Week_three_lab_8", "Week_three_lab_8\Week_three_lab_8.vcxproj", "{49EBEC33-438A-43D3-BD71-C88A774E5306}"
EndProject
Project("{8BC9CEB8-8B4A-11D0-8D11-00A0C91BC942}") = "Week_three_lab_10", "Week_three_lab_10\Week_three_lab_10.vcxproj", "{27C9C8FE-C17E-40F3-B4C7-8838CB7D78BC}"
EndProject
Global
	GlobalSection(SolutionConfigurationPlatforms) = preSolution
		Debug|Win32 = Debug|Win32
		Debug|x64 = Debug|x64
		Release|Win32 = Release|Win32
		Release|x64 = Release|x64
	EndGlobalSection
	GlobalSection(ProjectConfigurationPlatforms) = postSolution
		{8C97323C-259B-41D6-9073-7181C9A6A644}.Debug|Win32.ActiveCfg = Debug|Win32
		{8C97323C-259B-41D6-9073-7181C9A6A644}.Debug|Win32.Build.0 = Debug|Win32
		{8C97323C-259B-41D6-9073-7181C9A6A644}.Debug|x64.ActiveCfg = Debug|Win32
		{8C97323C-259B-41D6-9073-7181C9A6A644}.Release|Win32.ActiveCfg = Release|Win32
		{8C97323C-259B-41D6-9073-7181C9A6A644}.Release|Win32.Build.0 = Release|Win32
		{8C97323C-259B-41D6-9073-7181C9A6A644}.Release|x64.ActiveCfg = Release|Win32
		{48CD3BDB-4D0A-41F0-AA51-D347E404D81E}.Debug|Win32.ActiveCfg = Debug|Win32
		{48CD3BDB-4D0A-41F0-AA51-D347E404D81E}.Debug|Win32.Build.0 = Debug|Win32
		{48CD3BDB-4D0A-41F0-AA51-D347E404D81E}.Debug|x64.ActiveCfg = Debug|Win32
		{48CD3BDB-4D0A-41F0-AA51-D347E404D81E}.Release|Win32.ActiveCfg = Release|Win32
		{48CD3BDB-4D0A-41F0-AA51-D347E404D81E}.Release|Win32.Build.0 = Release|Win32
		{48CD3BDB-4D0A-41F0-AA51-D347E404D81E}.Release|x64.ActiveCfg = Release|Win32
		{A91ED0CA-4243-41EE-A4E4-A90B7575F2CA}.Debug|Win32.ActiveCfg = Debug|Win32
		{A91ED0CA-4243-41EE-A4E4-A90B7575F2CA}.Debug|Win32.Build.0 = Debug|Win32
		{A91ED0CA-4243-41EE-A4E4-A90B7575F2CA}.Debug|x64.ActiveCfg = Debug|Win32
		{A91ED0CA-4243-41EE-A4E4-A90B7575F2CA}.Release|Win32.ActiveCfg = Release|Win32
		{A91ED0CA-4243-41EE-A4E4-A90B7575F2CA}.Release|Win32.Build.0 = Release|Win32
		{A91ED0CA-4243-41EE-A4E4-A90B7575F2CA}.Release|x64.ActiveCfg = Release|Win32
		{880C140B-F5FA-4391-9366-B92C1EC33EA8}.Debug|Win32.ActiveCfg = Debug|Win32
		{880C140B-F5FA-4391-9366-B92C1EC33EA8}.Debug|Win32.Build.0 = Debug|Win32
		{880C140B-F5FA-4391-9366-B92C1EC33EA8}.Debug|x64.ActiveCfg = Debug|Win32
		{880C140B-F5FA-4391-9366-B92C1EC33EA8}.Release|Win32.ActiveCfg = Release|Win32
		{880C140B-F5FA-4391-9366-B92C1EC33EA8}.Release|Win32.Build.0 = Release|Win32
		{880C140B-F5FA-4391-9366-B92C1EC33EA8}.Release|x64.ActiveCfg = Release|Win32
		{57A887F1-13FC-4683-ACFE-418E95DD809B}.Debug|Win32.ActiveCfg = Debug|Win32
		{57A887F1-13FC-4683-ACFE-418E95DD809B}.Debug|Win32.Build.0 = Debug|Win32
		{57A887F1-13FC-4683-ACFE-418E95DD809B}.Debug|x64.ActiveCfg = Debug|Win32
		{57A887F1-13FC-4683-ACFE-418E95DD809B}.Release|Win32.ActiveCfg = Release|Win32
		{57A887F1-13FC-4683-ACFE-418E95DD809B}.Release|Win32.Build.0 = Release|Win32
		{57A887F1-13FC-4683-ACFE-418E95DD809B}.Release|x64.ActiveCfg = Release|Win32
		{3C54AB89-29C8-4261-83FE-0F8B1EAC393C}.Debug|Win32.ActiveCfg = Debug|Win32
		{3C54AB89-29C8-4261-83FE-0F8B1EAC393C}.Debug|Win32.Build.0 = Debug|Win32
		{3C54AB89-29C8-4261-83FE-0F8B1EAC393C}.Debug|x64.ActiveCfg = Debug|Win32
		{3C54AB89-29C8-4261-83FE-0F8B1EAC393C}.Release|Win32.ActiveCfg = Release|Win32
		{3C54AB89-29C8-4261-83FE-0F8B1EAC393C}.Release|Win32.Build.0 = Release|Win32
		{3C54AB89-29C8-4261-83FE-0F8B1EAC393C}.Release|x64.ActiveCfg = Release|Win32
		{430D9328-02A0-4688-8CAC-522564DA661E}.Debug|Win32.ActiveCfg = Debug|Win32
		{430D9328-02A0-4688-8CAC-522564DA661E}.Debug|Win32.Build.0 = Debug|Win32
		{430D9328-02A0-4688-8CAC-522564DA661E}.Debug|x64.ActiveCfg = Debug|Win32
		{430D9328-02A0-4688-8CAC-522564DA661E}.Release|Win32.ActiveCfg = Release|Win32
		{430D9328-02A0-4688-8CAC-522564DA661E}.Release|Win32.Build.0 = Release|Win32
		{430D9328-02A0-4688-8CAC-522564DA661E}.Release|x64.ActiveCfg = Release|Win32
		{9F06F116-A98B-4DA7-9B2F-6D552B7489F0}.Debug|Win32.ActiveCfg = Debug|Win32
		{9F06F116-A98B-4DA7-9B2F-6D552B7489F0}.Debug|Win32.Build.0 = Debug|Win32
		{9F06F116-A98B-4DA7-9B2F-6D552B7489F0}.Debug|x64.ActiveCfg = Debug|Win32
		{9F06F116-A98B-4DA7-9B2F-6D552B7489F0}.Release|Win32.ActiveCfg = Release|Win32
		{9F06F116-A98B-4DA7-9B2F-6D552B7489F0}.Release|Win32.Build.0 = Release|Win32
		{9F06F116-A98B-4DA7-9B2F-6D552B7489F0}.Release|x64.ActiveCfg = Release|Win32
		{6D4F4E90-435B-4040-A2DB-34B3CB00DB4A}.Debug|Win32.ActiveCfg = Debug|Win32
		{6D4F4E90-435B-4040-A2DB-34B3CB00DB4A}.Debug|Win32.Build.0 = Debug|Win32
		{6D4F4E90-435B-4040-A2DB-34B3CB00DB4A}.Debug|x64.ActiveCfg = Debug|Win32
		{6D4F4E90-435B-4040-A2DB-34B3CB00DB4A}.Release|Win32.ActiveCfg = Release|Win32
		{6D4F4E90-435B-4040-A2DB-34B3CB00DB4A}.Release|Win32.Build.0 = Release|Win32
		{6D4F4E90-435B-4040-A2DB-34B3CB00DB4A}.Release|x64.ActiveCfg = Release|Win32
		{8635308F-ED11-4542-A090-6E992C5A1493}.Debug|Win32.ActiveCfg = Debug|Win32
		{8635308F-ED11-4542-A090-6E992C5A1493}.Debug|Win32.Build.0 = Debug|Win32
		{8635308F-ED11-4542-A090-6E992C5A1493}.Debug|x64.ActiveCfg = Debug|Win32
		{8635308F-ED11-4542-A090-6E992C5A1493}.Release|Win32.ActiveCfg = Release|Win32
		{8635308F-ED11-4542-A090-6E992C5A1493}.Release|Win32.Build.0 = Release|Win32
		{8635308F-ED11-4542-A090-6E992C5A1493}.Release|x64.ActiveCfg = Release|Win32
		{572EAF82-B7CC-4C01-887F-1B9E4EE4AF66}.Debug|Win32.ActiveCfg = Debug|Win32
		{572EAF82-B7CC-4C01-887F-1B9E4EE4AF66}.Debug|Win32.Build.0 = Debug|Win32
		{572EAF82-B7CC-4C01-887F-1B9E4EE4AF66}.Debug|x64.ActiveCfg = Debug|Win32
		{572EAF82-B7CC-4C01-887F-1B9E4EE4AF66}.Release|Win32.ActiveCfg = Release|Win32
		{572EAF82-B7CC-4C01-887F-1B9E4EE4AF66}.Release|Win32.Build.0 = Release|Win32
		{572EAF82-B7CC-4C01-887F-1B9E4EE4AF66}.Release|x64.ActiveCfg = Release|Win32
		{FBEA7929-BAB2-45D3-952F-F9D675D86731}.Debug|Win32.ActiveCfg = Debug|Win32
		{FBEA7929-BAB2-45D3-952F-F9D675D86731}.Debug|Win32.Build.0 = Debug|Win32
		{FBEA7929-BAB2-45D3-952F-F9D675D86731}.Debug|x64.ActiveCfg = Debug|Win32
		{FBEA7929-BAB2-45D3-952F-F9D675D86731}.Release|Win32.ActiveCfg = Release|Win32
		{FBEA7929-BAB2-45D3-952F-F9D675D86731}.Release|Win32.Build.0 = Release|Win32
		{FBEA7929-BAB2-45D3-952F-F9D675D86731}.Release|x64.ActiveCfg = Release|Win32
		{7C9B85C2-32AA-48A5-A361-39F8CEEF37AF}.Debug|Win32.ActiveCfg = Debug|Win32
		{7C9B85C2-32AA-48A5-A361-39F8CEEF37AF}.Debug|Win32.Build.0 = Debug|Win32
		{7C9B85C2-32AA-48A5-A361-39F8CEEF37AF}.Debug|x64.ActiveCfg = Debug|Win32
		{7C9B85C2-32AA-48A5-A361-39F8CEEF37AF}.Release|Win32.ActiveCfg = Release|Win32
		{7C9B85C2-32AA-48A5-A361-39F8CEEF37AF}.Release|Win32.Build.0 = Release|Win32
		{7C9B85C2-32AA-48A5-A361-39F8CEEF37AF}.Release|x64.ActiveCfg = Release|Win32
		{2C96D06D-8EAF-41B5-ADC8-3943650CC29E}.Debug|Win32.ActiveCfg = Debug|Win32
		{2C96D06D-8EAF-41B5-ADC8-3943650CC29E}.Debug|Win32.Build.0 = Debug|Win32
		{2C96D06D-8EAF-41B5-ADC8-3943650CC29E}.Debug|x64.ActiveCfg = Debug|x64
		{2C96D06D-8EAF-41B5-ADC8-3943650CC29E}.Debug|x64.Build.0 = Debug|x64
		{2C96D06D-8EAF-41B5-ADC8-3943650CC29E}.Release|Win32.ActiveCfg = Release|Win32
		{2C96D06D-8EAF-41B5-ADC8-3943650CC29E}.Release|Win32.Build.0 = Release|Win32
		{2C96D06D-8EAF-41B5-ADC8-3943650CC29E}.Release|x64.ActiveCfg = Release|x64
		{2C96D06D-8EAF-41B5-ADC8-3943650CC29E}.Release|x64.Build.0 = Release|x64
		{15C35E81-E3CD-4420-AFE2-620A40589118}.Debug|Win32.ActiveCfg = Debug|Win32
		{15C35E81-E3CD-4420-AFE2-620A40589118}.Debug|Win32.Build.0 = Debug|Win32
		{15C35E81-E3CD-4420-AFE2-620A40589118}.Debug|x64.ActiveCfg = Debug|x64
		{15C35E81-E3CD-4420-AFE2-620A40589118}.Debug|x64.Build.0 = Debug|x64
		{15C35E81-E3CD-4420-AFE2-620A40589118}.Release|Win32.ActiveCfg = Release|Win32
		{15C35E81-E3CD-4420-AFE2-620A40589118}.Release|Win32.Build.0 = Release|Win32
		{15C35E81-E3CD-4420-AFE2-620A40589118}.Release|x64.ActiveCfg = Release|x64
		{15C35E81-E3CD-4420-AFE2-620A40589118}.Release|x64.Build.0 = Release|x64
		{94562E08-3342-4809-BDF6-37EDDBBA1168}.Debug|Win32.ActiveCfg = Debug|Win32
		{94562E08-3342-4809-BDF6-37EDDBBA1168}.Debug|Win32.Build.0 = Debug|Win32
		{94562E08-3342-4809-BDF6-37EDDBBA1168}.Debug|x64.ActiveCfg = Debug|x64
		{94562E08-3342-4809-BDF6-37EDDBBA1168}.Debug|x64.Build.0 = Debug|x64
		{94562E08-3342-4809-BDF6-37EDDBBA1168}.Release|Win32.ActiveCfg = Release|Win32
		{94562E08-3342-4809-BDF6-37EDDBBA1168}.Release|Win32.Build.0 = Release|Win32
		{94562E08-3342-4809-BDF6-37EDDBBA1168}.Release|x64.ActiveCfg = Release|x64
		{94562E08-3342-4809-BDF6-37EDDBBA1168}.Release|x64.Build.0 = Release|x64
		{1A215090-518D-4857-BD3A-E951C128198E}.Debug|Win32.ActiveCfg = Debug|Win32
		{1A215090-518D-4857-BD3A-E951C128198E}.Debug|Win32.Build.0 = Debug|Win32
		{1A215090-518D-4857-BD3A-E951C128198E}.Debug|x64.ActiveCfg = Debug|x64
		{1A215090-518D-4857-BD3A-E951C128198E}.Debug|x64.Build.0 = Debug|x64
		{1A215090-518D-4857-BD3A-E951C128198E}.Release|Win32.ActiveCfg = Release|Win32
		{1A215090-518D-4857-BD3A-E951C128198E}.Release|Win32.Build.0 = Release|Win32
		{1A215090-518D-4857-BD3A-E951C128198E}.Release|x64.ActiveCfg = Release|x64
		{1A215090-518D-4857-BD3A-E951C128198E}.Release|x64.Build.0 = Release|x64
		{4C4C5CD7-8E5D-4206-81C9-8A2E33F3A997}.Debug|Win32.ActiveCfg = Debug|Win32
		{4C4C5CD7-8E5D-4206-81C9-8A2E33F3A997}.Debug|Win32.Build.0 = Debug|Win32
		{4C4C5CD7-8E5D-4206-81C9-8A2E33F3A997}.Debug|x64.ActiveCfg = Debug|x64
		{4C4C5CD7-8E5D-4206-81C9-8A2E33F3A997}.Debug|x64.Build.0 = Debug|x64
		{4C4C5CD7-8E5D-4206-81C9-8A2E33F3A997}.Release|Win32.ActiveCfg = Release|Win32
		{4C4C5CD7-8E5D-4206-81C9-8A2E33F3A997}.Release|Win32.Build.0 = Release|Win32
		{4C4C5CD7-8E5D-4206-81C9-8A2E33F3A997}.Release|x64.ActiveCfg = Release|x64
		{4C4C5CD7-8E5D-4206-81C9-8A2E33F3A997}.Release|x64.Build.0 = Release|x64
		{9C01D92A-4669-4BE1-A857-75AAF98D1383}.Debug|Win32.ActiveCfg = Debug|Win32
		{9C01D92A-4669-4BE1-A857-75AAF98D1383}.Debug|Win32.Build.0 = Debug|Win32
		{9C01D92A-4669-4BE1-A857-75AAF98D1383}.Debug|x64.ActiveCfg = Debug|x64
		{9C01D92A-4669-4BE1-A857-75AAF98D1383}.Debug|x64.Build.0 = Debug|x64
		{9C01D92A-4669-4BE1-A857-75AAF98D1383}.Release|Win32.ActiveCfg = Release|Win32
		{9C01D92A-4669-4BE1-A857-75AAF98D1383}.Release|Win32.Build.0 = Release|Win32
		{9C01D92A-4669-4BE1-A857-75AAF98D1383}.Release|x64.ActiveCfg = Release|x64
		{9C01D92A-4669-4BE1-A857-75AAF98D1383}.Release|x64.Build.0 = Release|x64
		{49EBEC33-438A-43D3-BD71-C88A774E5306}.Debug|Win32.ActiveCfg = Debug|Win32
		{49EBEC33-438A-43D3-BD71-C88A774E5306}.Debug|Win32.Build.0 = Debug|Win32
		{49EBEC33-438A-43D3-BD71-C88A774E5306}.Debug|x64.ActiveCfg = Debug|Win32
		{49EBEC33-438A-43D3-BD71-C88A774E5306}.Release|Win32.ActiveCfg = Release|Win32
		{49EBEC33-438A-43D3-BD71-C88A774E5306}.Release|Win32.Build.0 = Release|Win32
		{49EBEC33-438A-43D3-BD71-C88A774E5306}.Release|x64.ActiveCfg = Release|Win32
		{27C9C8FE-C17E-40F3-B4C7-8838CB7D78BC}.Debug|Win32.ActiveCfg = Debug|Win32
		{27C9C8FE-C17E-40F3-B4C7-8838CB7D78BC}.Debug|Win32.Build.0 = Debug|Win32
		{27C9C8FE-C17E-40F3-B4C7-8838CB7D78BC}.Debug|x64.ActiveCfg = Debug|Win32
		{27C9C8FE-C17E-40F3-B4C7-8838CB7D78BC}.Release|Win32.ActiveCfg = Release|Win32
		{27C9C8FE-C17E-40F3-B4C7-8838CB7D78BC}.Release|Win32.Build.0 = Release|Win32
		{27C9C8FE-C17E-40F3-B4C7-8838CB7D78BC}.Release|x64.ActiveCfg = Release|Win32
	EndGlobalSection
	GlobalSection(SolutionProperties) = preSolution
		HideSolutionNode = FALSE
	EndGlobalSection
EndGlobal
