
Microsoft Visual Studio Solution File, Format Version 12.00
# Visual Studio Express 2012 for Windows Desktop
Project("{8BC9CEB8-8B4A-11D0-8D11-00A0C91BC942}") = "Lab_1.0", "Lab_1\Lab_1.vcxproj", "{8C97323C-259B-41D6-9073-7181C9A6A644}"
EndProject
Project("{8BC9CEB8-8B4A-11D0-8D11-00A0C91BC942}") = "Lab-1.1", "Lab-2.41\Lab-2.41.vcxproj", "{48CD3BDB-4D0A-41F0-AA51-D347E404D81E}"
EndProject
Project("{8BC9CEB8-8B4A-11D0-8D11-00A0C91BC942}") = "lab-1.2", "lab-3\lab-3.vcxproj", "{A91ED0CA-4243-41EE-A4E4-A90B7575F2CA}"
EndProject
Project("{8BC9CEB8-8B4A-11D0-8D11-00A0C91BC942}") = "SFML", "SFML\SFML.vcxproj", "{880C140B-F5FA-4391-9366-B92C1EC33EA8}"
EndProject
Project("{8BC9CEB8-8B4A-11D0-8D11-00A0C91BC942}") = "lab-2.0", "lab-2.0\lab-2.0.vcxproj", "{57A887F1-13FC-4683-ACFE-418E95DD809B}"
EndProject
Project("{8BC9CEB8-8B4A-11D0-8D11-00A0C91BC942}") = "lab_3", "lab_3\lab_3.vcxproj", "{3C54AB89-29C8-4261-83FE-0F8B1EAC393C}"
EndProject
Project("{8BC9CEB8-8B4A-11D0-8D11-00A0C91BC942}") = "lab-3.1", "lab-3.1\lab-3.1.vcxproj", "{430D9328-02A0-4688-8CAC-522564DA661E}"
EndProject
Project("{8BC9CEB8-8B4A-11D0-8D11-00A0C91BC942}") = "lab_3.2", "lab_3.2\lab_3.2.vcxproj", "{9F06F116-A98B-4DA7-9B2F-6D552B7489F0}"
EndProject
Project("{8BC9CEB8-8B4A-11D0-8D11-00A0C91BC942}") = "lab-4.1", "lab-4.1\lab-4.1.vcxproj", "{6D4F4E90-435B-4040-A2DB-34B3CB00DB4A}"
EndProject
Project("{8BC9CEB8-8B4A-11D0-8D11-00A0C91BC942}") = "lab-4.2", "lab-4.2\lab-4.2.vcxproj", "{8635308F-ED11-4542-A090-6E992C5A1493}"
EndProject
Project("{8BC9CEB8-8B4A-11D0-8D11-00A0C91BC942}") = "lab_5.1", "lab_5.1\lab_5.1.vcxproj", "{572EAF82-B7CC-4C01-887F-1B9E4EE4AF66}"
EndProject
Global
	GlobalSection(SolutionConfigurationPlatforms) = preSolution
		Debug|Win32 = Debug|Win32
		Release|Win32 = Release|Win32
	EndGlobalSection
	GlobalSection(ProjectConfigurationPlatforms) = postSolution
		{8C97323C-259B-41D6-9073-7181C9A6A644}.Debug|Win32.ActiveCfg = Debug|Win32
		{8C97323C-259B-41D6-9073-7181C9A6A644}.Debug|Win32.Build.0 = Debug|Win32
		{8C97323C-259B-41D6-9073-7181C9A6A644}.Release|Win32.ActiveCfg = Release|Win32
		{8C97323C-259B-41D6-9073-7181C9A6A644}.Release|Win32.Build.0 = Release|Win32
		{48CD3BDB-4D0A-41F0-AA51-D347E404D81E}.Debug|Win32.ActiveCfg = Debug|Win32
		{48CD3BDB-4D0A-41F0-AA51-D347E404D81E}.Debug|Win32.Build.0 = Debug|Win32
		{48CD3BDB-4D0A-41F0-AA51-D347E404D81E}.Release|Win32.ActiveCfg = Release|Win32
		{48CD3BDB-4D0A-41F0-AA51-D347E404D81E}.Release|Win32.Build.0 = Release|Win32
		{A91ED0CA-4243-41EE-A4E4-A90B7575F2CA}.Debug|Win32.ActiveCfg = Debug|Win32
		{A91ED0CA-4243-41EE-A4E4-A90B7575F2CA}.Debug|Win32.Build.0 = Debug|Win32
		{A91ED0CA-4243-41EE-A4E4-A90B7575F2CA}.Release|Win32.ActiveCfg = Release|Win32
		{A91ED0CA-4243-41EE-A4E4-A90B7575F2CA}.Release|Win32.Build.0 = Release|Win32
		{880C140B-F5FA-4391-9366-B92C1EC33EA8}.Debug|Win32.ActiveCfg = Debug|Win32
		{880C140B-F5FA-4391-9366-B92C1EC33EA8}.Debug|Win32.Build.0 = Debug|Win32
		{880C140B-F5FA-4391-9366-B92C1EC33EA8}.Release|Win32.ActiveCfg = Release|Win32
		{880C140B-F5FA-4391-9366-B92C1EC33EA8}.Release|Win32.Build.0 = Release|Win32
		{57A887F1-13FC-4683-ACFE-418E95DD809B}.Debug|Win32.ActiveCfg = Debug|Win32
		{57A887F1-13FC-4683-ACFE-418E95DD809B}.Debug|Win32.Build.0 = Debug|Win32
		{57A887F1-13FC-4683-ACFE-418E95DD809B}.Release|Win32.ActiveCfg = Release|Win32
		{57A887F1-13FC-4683-ACFE-418E95DD809B}.Release|Win32.Build.0 = Release|Win32
		{3C54AB89-29C8-4261-83FE-0F8B1EAC393C}.Debug|Win32.ActiveCfg = Debug|Win32
		{3C54AB89-29C8-4261-83FE-0F8B1EAC393C}.Debug|Win32.Build.0 = Debug|Win32
		{3C54AB89-29C8-4261-83FE-0F8B1EAC393C}.Release|Win32.ActiveCfg = Release|Win32
		{3C54AB89-29C8-4261-83FE-0F8B1EAC393C}.Release|Win32.Build.0 = Release|Win32
		{430D9328-02A0-4688-8CAC-522564DA661E}.Debug|Win32.ActiveCfg = Debug|Win32
		{430D9328-02A0-4688-8CAC-522564DA661E}.Debug|Win32.Build.0 = Debug|Win32
		{430D9328-02A0-4688-8CAC-522564DA661E}.Release|Win32.ActiveCfg = Release|Win32
		{430D9328-02A0-4688-8CAC-522564DA661E}.Release|Win32.Build.0 = Release|Win32
		{9F06F116-A98B-4DA7-9B2F-6D552B7489F0}.Debug|Win32.ActiveCfg = Debug|Win32
		{9F06F116-A98B-4DA7-9B2F-6D552B7489F0}.Debug|Win32.Build.0 = Debug|Win32
		{9F06F116-A98B-4DA7-9B2F-6D552B7489F0}.Release|Win32.ActiveCfg = Release|Win32
		{9F06F116-A98B-4DA7-9B2F-6D552B7489F0}.Release|Win32.Build.0 = Release|Win32
		{6D4F4E90-435B-4040-A2DB-34B3CB00DB4A}.Debug|Win32.ActiveCfg = Debug|Win32
		{6D4F4E90-435B-4040-A2DB-34B3CB00DB4A}.Debug|Win32.Build.0 = Debug|Win32
		{6D4F4E90-435B-4040-A2DB-34B3CB00DB4A}.Release|Win32.ActiveCfg = Release|Win32
		{6D4F4E90-435B-4040-A2DB-34B3CB00DB4A}.Release|Win32.Build.0 = Release|Win32
		{8635308F-ED11-4542-A090-6E992C5A1493}.Debug|Win32.ActiveCfg = Debug|Win32
		{8635308F-ED11-4542-A090-6E992C5A1493}.Debug|Win32.Build.0 = Debug|Win32
		{8635308F-ED11-4542-A090-6E992C5A1493}.Release|Win32.ActiveCfg = Release|Win32
		{8635308F-ED11-4542-A090-6E992C5A1493}.Release|Win32.Build.0 = Release|Win32
		{572EAF82-B7CC-4C01-887F-1B9E4EE4AF66}.Debug|Win32.ActiveCfg = Debug|Win32
		{572EAF82-B7CC-4C01-887F-1B9E4EE4AF66}.Debug|Win32.Build.0 = Debug|Win32
		{572EAF82-B7CC-4C01-887F-1B9E4EE4AF66}.Release|Win32.ActiveCfg = Release|Win32
		{572EAF82-B7CC-4C01-887F-1B9E4EE4AF66}.Release|Win32.Build.0 = Release|Win32
	EndGlobalSection
	GlobalSection(SolutionProperties) = preSolution
		HideSolutionNode = FALSE
	EndGlobalSection
EndGlobal
